
Microsoft Visual Studio Solution File, Format Version 12.00
# Visual Studio Version 17
VisualStudioVersion = 17.14.37111.16
MinimumVisualStudioVersion = 10.0.40219.1
Project("{9A19103F-16F7-4668-BE54-9A1E7A4F7556}") = "Банкомат", "Банкомат.csproj", "{1AB25552-21A0-42F8-8A09-4A6A33AEADFD}"
EndProject
Global
	GlobalSection(SolutionConfigurationPlatforms) = preSolution
		Debug|Any CPU = Debug|Any CPU
		Release|Any CPU = Release|Any CPU
	EndGlobalSection
	GlobalSection(ProjectConfigurationPlatforms) = postSolution
		{1AB25552-21A0-42F8-8A09-4A6A33AEADFD}.Debug|Any CPU.ActiveCfg = Debug|Any CPU
		{1AB25552-21A0-42F8-8A09-4A6A33AEADFD}.Debug|Any CPU.Build.0 = Debug|Any CPU
		{1AB25552-21A0-42F8-8A09-4A6A33AEADFD}.Release|Any CPU.ActiveCfg = Release|Any CPU
		{1AB25552-21A0-42F8-8A09-4A6A33AEADFD}.Release|Any CPU.Build.0 = Release|Any CPU
	EndGlobalSection
	GlobalSection(SolutionProperties) = preSolution
		HideSolutionNode = FALSE
	EndGlobalSection
	GlobalSection(ExtensibilityGlobals) = postSolution
		SolutionGuid = {DE12B459-488E-4824-955B-6C87CB5B70EC}
	EndGlobalSection
EndGlobal
